
Microsoft Visual Studio Solution File, Format Version 12.00
# Visual Studio Version 17
VisualStudioVersion = 17.6.33815.320
MinimumVisualStudioVersion = 10.0.40219.1
Project("{FAE04EC0-301F-11D3-BF4B-00C04F79EFBC}") = "HyperbolicRenderer", "HyperbolicRenderer\HyperbolicRenderer.csproj", "{D6FA8EC8-8421-48FB-90EB-AB442C8C16FC}"
EndProject
Global
	GlobalSection(SolutionConfigurationPlatforms) = preSolution
		Debug|Any CPU = Debug|Any CPU
		Release|Any CPU = Release|Any CPU
	EndGlobalSection
	GlobalSection(ProjectConfigurationPlatforms) = postSolution
		{D6FA8EC8-8421-48FB-90EB-AB442C8C16FC}.Debug|Any CPU.ActiveCfg = Debug|Any CPU
		{D6FA8EC8-8421-48FB-90EB-AB442C8C16FC}.Debug|Any CPU.Build.0 = Debug|Any CPU
		{D6FA8EC8-8421-48FB-90EB-AB442C8C16FC}.Release|Any CPU.ActiveCfg = Release|Any CPU
		{D6FA8EC8-8421-48FB-90EB-AB442C8C16FC}.Release|Any CPU.Build.0 = Release|Any CPU
	EndGlobalSection
	GlobalSection(SolutionProperties) = preSolution
		HideSolutionNode = FALSE
	EndGlobalSection
	GlobalSection(ExtensibilityGlobals) = postSolution
		SolutionGuid = {73811FB6-EFC8-4559-AFFE-2C9BE7145DC5}
	EndGlobalSection
EndGlobal
